
Microsoft Visual Studio Solution File, Format Version 12.00
# Visual Studio Version 17
VisualStudioVersion = 17.0.31903.59
MinimumVisualStudioVersion = 10.0.40219.1
Project("{FAE04EC0-301F-11D3-BF4B-00C04F79EFBC}") = "Aml.Editor.Plugin.SvgExport", "Aml.Editor.Plugin.SvgExport\Aml.Editor.Plugin.SvgExport.csproj", "{DFA948DD-8578-4CC6-9534-8A7765EE43E6}"
EndProject
Project("{FAE04EC0-301F-11D3-BF4B-00C04F79EFBC}") = "Aml.Editor.Plugin.SvgExport.Tests", "Aml.Editor.Plugin.SvgExport.Tests\Aml.Editor.Plugin.SvgExport.Tests.csproj", "{12D37940-9607-41C8-916A-7FEED1A438C9}"
EndProject
Global
	GlobalSection(SolutionConfigurationPlatforms) = preSolution
		Debug|Any CPU = Debug|Any CPU
		Release|Any CPU = Release|Any CPU
	EndGlobalSection
	GlobalSection(SolutionProperties) = preSolution
		HideSolutionNode = FALSE
	EndGlobalSection
	GlobalSection(ProjectConfigurationPlatforms) = postSolution
		{DFA948DD-8578-4CC6-9534-8A7765EE43E6}.Debug|Any CPU.ActiveCfg = Debug|Any CPU
		{DFA948DD-8578-4CC6-9534-8A7765EE43E6}.Debug|Any CPU.Build.0 = Debug|Any CPU
		{DFA948DD-8578-4CC6-9534-8A7765EE43E6}.Release|Any CPU.ActiveCfg = Release|Any CPU
		{DFA948DD-8578-4CC6-9534-8A7765EE43E6}.Release|Any CPU.Build.0 = Release|Any CPU
		{12D37940-9607-41C8-916A-7FEED1A438C9}.Debug|Any CPU.ActiveCfg = Debug|Any CPU
		{12D37940-9607-41C8-916A-7FEED1A438C9}.Debug|Any CPU.Build.0 = Debug|Any CPU
		{12D37940-9607-41C8-916A-7FEED1A438C9}.Release|Any CPU.ActiveCfg = Release|Any CPU
		{12D37940-9607-41C8-916A-7FEED1A438C9}.Release|Any CPU.Build.0 = Release|Any CPU
	EndGlobalSection
EndGlobal
